
Microsoft Visual Studio Solution File, Format Version 12.00
# Visual Studio Version 17
VisualStudioVersion = 17.14.36429.23
MinimumVisualStudioVersion = 10.0.40219.1
Project("{FAE04EC0-301F-11D3-BF4B-00C04F79EFBC}") = "EffectiveMobileTestTask", "EffectiveMobileTestTask\EffectiveMobileTestTask.csproj", "{AFFE2324-7BF9-41B5-AFED-80011C861779}"
EndProject
Project("{FAE04EC0-301F-11D3-BF4B-00C04F79EFBC}") = "EffectiveMobileTestTask.Tests", "EffectiveMobileTestTask.Tests\EffectiveMobileTestTask.Tests.csproj", "{D24479F0-8593-D395-60FF-2A33FC96D5FB}"
EndProject
Project("{FAE04EC0-301F-11D3-BF4B-00C04F79EFBC}") = "EffectiveMobileTestTask.Benchmark", "EffectiveMobileTestTask.Benchmark\EffectiveMobileTestTask.Benchmark.csproj", "{F9A79367-A6B5-405B-92F9-044C900B33FF}"
EndProject
Global
	GlobalSection(SolutionConfigurationPlatforms) = preSolution
		Debug|Any CPU = Debug|Any CPU
		Release|Any CPU = Release|Any CPU
	EndGlobalSection
	GlobalSection(ProjectConfigurationPlatforms) = postSolution
		{AFFE2324-7BF9-41B5-AFED-80011C861779}.Debug|Any CPU.ActiveCfg = Debug|Any CPU
		{AFFE2324-7BF9-41B5-AFED-80011C861779}.Debug|Any CPU.Build.0 = Debug|Any CPU
		{AFFE2324-7BF9-41B5-AFED-80011C861779}.Release|Any CPU.ActiveCfg = Release|Any CPU
		{AFFE2324-7BF9-41B5-AFED-80011C861779}.Release|Any CPU.Build.0 = Release|Any CPU
		{D24479F0-8593-D395-60FF-2A33FC96D5FB}.Debug|Any CPU.ActiveCfg = Debug|Any CPU
		{D24479F0-8593-D395-60FF-2A33FC96D5FB}.Debug|Any CPU.Build.0 = Debug|Any CPU
		{D24479F0-8593-D395-60FF-2A33FC96D5FB}.Release|Any CPU.ActiveCfg = Release|Any CPU
		{D24479F0-8593-D395-60FF-2A33FC96D5FB}.Release|Any CPU.Build.0 = Release|Any CPU
		{F9A79367-A6B5-405B-92F9-044C900B33FF}.Debug|Any CPU.ActiveCfg = Debug|Any CPU
		{F9A79367-A6B5-405B-92F9-044C900B33FF}.Debug|Any CPU.Build.0 = Debug|Any CPU
		{F9A79367-A6B5-405B-92F9-044C900B33FF}.Release|Any CPU.ActiveCfg = Release|Any CPU
		{F9A79367-A6B5-405B-92F9-044C900B33FF}.Release|Any CPU.Build.0 = Release|Any CPU
	EndGlobalSection
	GlobalSection(SolutionProperties) = preSolution
		HideSolutionNode = FALSE
	EndGlobalSection
	GlobalSection(ExtensibilityGlobals) = postSolution
		SolutionGuid = {9E07A80E-ECC3-4407-AB14-04C8D39437E6}
	EndGlobalSection
EndGlobal
